// !$*UTF8*$!
{
	archiveVersion = 1;
	classes = {
	};
	objectVersion = 51;
	objects = {

/* Begin PBXBuildFile section */
		310EF7F121737F9600B95F33 /* SearchItemViewController.swift in Sources */ = {isa = PBXBuildFile; fileRef = 310EF7F021737F9600B95F33 /* SearchItemViewController.swift */; };
		3115839C21B2CED3004C21C4 /* pdfCreatorViewController.swift in Sources */ = {isa = PBXBuildFile; fileRef = 3115839B21B2CED3004C21C4 /* pdfCreatorViewController.swift */; };
		31436B012193018E00E7DAD8 /* ScanViewController.swift in Sources */ = {isa = PBXBuildFile; fileRef = 31436B002193018E00E7DAD8 /* ScanViewController.swift */; };
		31436B032193056000E7DAD8 /* shopListViewController.swift in Sources */ = {isa = PBXBuildFile; fileRef = 31436B022193056000E7DAD8 /* shopListViewController.swift */; };
		31875B87218DC23500FA5966 /* ARViewController.swift in Sources */ = {isa = PBXBuildFile; fileRef = 31875B86218DC23500FA5966 /* ARViewController.swift */; };
		31875B89218DDD2D00FA5966 /* ARScanViewController.swift in Sources */ = {isa = PBXBuildFile; fileRef = 31875B88218DDD2D00FA5966 /* ARScanViewController.swift */; };
		31A65C2C21592620006CA768 /* AppDelegate.swift in Sources */ = {isa = PBXBuildFile; fileRef = 31A65C2B21592620006CA768 /* AppDelegate.swift */; };
		31A65C2E21592620006CA768 /* ViewController.swift in Sources */ = {isa = PBXBuildFile; fileRef = 31A65C2D21592620006CA768 /* ViewController.swift */; };
		31A65C3121592620006CA768 /* Main.storyboard in Resources */ = {isa = PBXBuildFile; fileRef = 31A65C2F21592620006CA768 /* Main.storyboard */; };
		31A65C3321592624006CA768 /* Assets.xcassets in Resources */ = {isa = PBXBuildFile; fileRef = 31A65C3221592624006CA768 /* Assets.xcassets */; };
		31A65C3621592624006CA768 /* LaunchScreen.storyboard in Resources */ = {isa = PBXBuildFile; fileRef = 31A65C3421592624006CA768 /* LaunchScreen.storyboard */; };
		31A65C4121592624006CA768 /* InteriorDesign_ARTests.swift in Sources */ = {isa = PBXBuildFile; fileRef = 31A65C4021592624006CA768 /* InteriorDesign_ARTests.swift */; };
		31A65C4C21592624006CA768 /* InteriorDesign_ARUITests.swift in Sources */ = {isa = PBXBuildFile; fileRef = 31A65C4B21592624006CA768 /* InteriorDesign_ARUITests.swift */; };
		31A65C5A21592C31006CA768 /* GoogleService-Info.plist in Resources */ = {isa = PBXBuildFile; fileRef = 31A65C5921592C31006CA768 /* GoogleService-Info.plist */; };
		31B925AC2160C7D1004EEB56 /* CreateAccountViewController.swift in Sources */ = {isa = PBXBuildFile; fileRef = 31B925AB2160C7D1004EEB56 /* CreateAccountViewController.swift */; };
		31B925AE2160D354004EEB56 /* SignInViewController.swift in Sources */ = {isa = PBXBuildFile; fileRef = 31B925AD2160D354004EEB56 /* SignInViewController.swift */; };
		31B932B821A17D8A00294ABE /* art.scnassets in Resources */ = {isa = PBXBuildFile; fileRef = 31B932B721A17D8A00294ABE /* art.scnassets */; };
		31B932BA21A17FA800294ABE /* ProductInfo.sks in Resources */ = {isa = PBXBuildFile; fileRef = 31B932B921A17FA800294ABE /* ProductInfo.sks */; };
		31C1E213217C769A0018F1C0 /* TypeUserViewController.swift in Sources */ = {isa = PBXBuildFile; fileRef = 31C1E212217C769A0018F1C0 /* TypeUserViewController.swift */; };
		31D43F522185A94700FF3170 /* CompanyAccountViewController.swift in Sources */ = {isa = PBXBuildFile; fileRef = 31D43F512185A94700FF3170 /* CompanyAccountViewController.swift */; };
		4346C43EC4D2E7EFC4C06B09 /* Pods_InteriorDesign_ARUITests.framework in Frameworks */ = {isa = PBXBuildFile; fileRef = 106ED5350BF525A0FBDD294C /* Pods_InteriorDesign_ARUITests.framework */; };
		77E390DFAEC67230728345EF /* Pods_InteriorDesign_ARTests.framework in Frameworks */ = {isa = PBXBuildFile; fileRef = B78FF4BD2F8B579A5D85E5D7 /* Pods_InteriorDesign_ARTests.framework */; };
		820AD0CDBF0E036AC0CFF7BD /* Pods_InteriorDesign_AR.framework in Frameworks */ = {isa = PBXBuildFile; fileRef = 2BCA23553F885AA31B782B99 /* Pods_InteriorDesign_AR.framework */; };
/* End PBXBuildFile section */

/* Begin PBXContainerItemProxy section */
		31A65C3D21592624006CA768 /* PBXContainerItemProxy */ = {
			isa = PBXContainerItemProxy;
			containerPortal = 31A65C2021592620006CA768 /* Project object */;
			proxyType = 1;
			remoteGlobalIDString = 31A65C2721592620006CA768;
			remoteInfo = "InteriorDesign AR";
		};
		31A65C4821592624006CA768 /* PBXContainerItemProxy */ = {
			isa = PBXContainerItemProxy;
			containerPortal = 31A65C2021592620006CA768 /* Project object */;
			proxyType = 1;
			remoteGlobalIDString = 31A65C2721592620006CA768;
			remoteInfo = "InteriorDesign AR";
		};
/* End PBXContainerItemProxy section */

/* Begin PBXFileReference section */
		106ED5350BF525A0FBDD294C /* Pods_InteriorDesign_ARUITests.framework */ = {isa = PBXFileReference; explicitFileType = wrapper.framework; includeInIndex = 0; path = Pods_InteriorDesign_ARUITests.framework; sourceTree = BUILT_PRODUCTS_DIR; };
		189FCE880E2E9F77AF312CE3 /* Pods-InteriorDesign ARUITests.release.xcconfig */ = {isa = PBXFileReference; includeInIndex = 1; lastKnownFileType = text.xcconfig; name = "Pods-InteriorDesign ARUITests.release.xcconfig"; path = "Pods/Target Support Files/Pods-InteriorDesign ARUITests/Pods-InteriorDesign ARUITests.release.xcconfig"; sourceTree = "<group>"; };
		230A94EECC4FC1AA2B216E69 /* Pods-InteriorDesign AR.debug.xcconfig */ = {isa = PBXFileReference; includeInIndex = 1; lastKnownFileType = text.xcconfig; name = "Pods-InteriorDesign AR.debug.xcconfig"; path = "Pods/Target Support Files/Pods-InteriorDesign AR/Pods-InteriorDesign AR.debug.xcconfig"; sourceTree = "<group>"; };
		2BCA23553F885AA31B782B99 /* Pods_InteriorDesign_AR.framework */ = {isa = PBXFileReference; explicitFileType = wrapper.framework; includeInIndex = 0; path = Pods_InteriorDesign_AR.framework; sourceTree = BUILT_PRODUCTS_DIR; };
		310EF7F021737F9600B95F33 /* SearchItemViewController.swift */ = {isa = PBXFileReference; lastKnownFileType = sourcecode.swift; path = SearchItemViewController.swift; sourceTree = "<group>"; };
		3115839B21B2CED3004C21C4 /* pdfCreatorViewController.swift */ = {isa = PBXFileReference; lastKnownFileType = sourcecode.swift; path = pdfCreatorViewController.swift; sourceTree = "<group>"; };
		31436B002193018E00E7DAD8 /* ScanViewController.swift */ = {isa = PBXFileReference; lastKnownFileType = sourcecode.swift; path = ScanViewController.swift; sourceTree = "<group>"; };
		31436B022193056000E7DAD8 /* shopListViewController.swift */ = {isa = PBXFileReference; lastKnownFileType = sourcecode.swift; path = shopListViewController.swift; sourceTree = "<group>"; };
		31875B86218DC23500FA5966 /* ARViewController.swift */ = {isa = PBXFileReference; lastKnownFileType = sourcecode.swift; path = ARViewController.swift; sourceTree = "<group>"; };
		31875B88218DDD2D00FA5966 /* ARScanViewController.swift */ = {isa = PBXFileReference; lastKnownFileType = sourcecode.swift; path = ARScanViewController.swift; sourceTree = "<group>"; };
		31A65C2821592620006CA768 /* InteriorDesign AR.app */ = {isa = PBXFileReference; explicitFileType = wrapper.application; includeInIndex = 0; path = "InteriorDesign AR.app"; sourceTree = BUILT_PRODUCTS_DIR; };
		31A65C2B21592620006CA768 /* AppDelegate.swift */ = {isa = PBXFileReference; lastKnownFileType = sourcecode.swift; path = AppDelegate.swift; sourceTree = "<group>"; };
		31A65C2D21592620006CA768 /* ViewController.swift */ = {isa = PBXFileReference; lastKnownFileType = sourcecode.swift; path = ViewController.swift; sourceTree = "<group>"; };
		31A65C3021592620006CA768 /* Base */ = {isa = PBXFileReference; lastKnownFileType = file.storyboard; name = Base; path = Base.lproj/Main.storyboard; sourceTree = "<group>"; };
		31A65C3221592624006CA768 /* Assets.xcassets */ = {isa = PBXFileReference; lastKnownFileType = folder.assetcatalog; path = Assets.xcassets; sourceTree = "<group>"; };
		31A65C3521592624006CA768 /* Base */ = {isa = PBXFileReference; lastKnownFileType = file.storyboard; name = Base; path = Base.lproj/LaunchScreen.storyboard; sourceTree = "<group>"; };
		31A65C3721592624006CA768 /* Info.plist */ = {isa = PBXFileReference; lastKnownFileType = text.plist.xml; path = Info.plist; sourceTree = "<group>"; };
		31A65C3C21592624006CA768 /* InteriorDesign ARTests.xctest */ = {isa = PBXFileReference; explicitFileType = wrapper.cfbundle; includeInIndex = 0; path = "InteriorDesign ARTests.xctest"; sourceTree = BUILT_PRODUCTS_DIR; };
		31A65C4021592624006CA768 /* InteriorDesign_ARTests.swift */ = {isa = PBXFileReference; lastKnownFileType = sourcecode.swift; path = InteriorDesign_ARTests.swift; sourceTree = "<group>"; };
		31A65C4221592624006CA768 /* Info.plist */ = {isa = PBXFileReference; lastKnownFileType = text.plist.xml; path = Info.plist; sourceTree = "<group>"; };
		31A65C4721592624006CA768 /* InteriorDesign ARUITests.xctest */ = {isa = PBXFileReference; explicitFileType = wrapper.cfbundle; includeInIndex = 0; path = "InteriorDesign ARUITests.xctest"; sourceTree = BUILT_PRODUCTS_DIR; };
		31A65C4B21592624006CA768 /* InteriorDesign_ARUITests.swift */ = {isa = PBXFileReference; lastKnownFileType = sourcecode.swift; path = InteriorDesign_ARUITests.swift; sourceTree = "<group>"; };
		31A65C4D21592624006CA768 /* Info.plist */ = {isa = PBXFileReference; lastKnownFileType = text.plist.xml; path = Info.plist; sourceTree = "<group>"; };
		31A65C5921592C31006CA768 /* GoogleService-Info.plist */ = {isa = PBXFileReference; fileEncoding = 4; lastKnownFileType = text.plist.xml; path = "GoogleService-Info.plist"; sourceTree = "<group>"; };
		31B925AB2160C7D1004EEB56 /* CreateAccountViewController.swift */ = {isa = PBXFileReference; lastKnownFileType = sourcecode.swift; path = CreateAccountViewController.swift; sourceTree = "<group>"; };
		31B925AD2160D354004EEB56 /* SignInViewController.swift */ = {isa = PBXFileReference; lastKnownFileType = sourcecode.swift; path = SignInViewController.swift; sourceTree = "<group>"; };
		31B932B721A17D8A00294ABE /* art.scnassets */ = {isa = PBXFileReference; lastKnownFileType = wrapper.scnassets; path = art.scnassets; sourceTree = "<group>"; };
		31B932B921A17FA800294ABE /* ProductInfo.sks */ = {isa = PBXFileReference; lastKnownFileType = file.sks; path = ProductInfo.sks; sourceTree = "<group>"; };
		31C1E212217C769A0018F1C0 /* TypeUserViewController.swift */ = {isa = PBXFileReference; lastKnownFileType = sourcecode.swift; path = TypeUserViewController.swift; sourceTree = "<group>"; };
		31D43F512185A94700FF3170 /* CompanyAccountViewController.swift */ = {isa = PBXFileReference; lastKnownFileType = sourcecode.swift; path = CompanyAccountViewController.swift; sourceTree = "<group>"; };
		3AC7C59092E8C0FD62C3EF8E /* Pods-InteriorDesign ARUITests.debug.xcconfig */ = {isa = PBXFileReference; includeInIndex = 1; lastKnownFileType = text.xcconfig; name = "Pods-InteriorDesign ARUITests.debug.xcconfig"; path = "Pods/Target Support Files/Pods-InteriorDesign ARUITests/Pods-InteriorDesign ARUITests.debug.xcconfig"; sourceTree = "<group>"; };
		49E285601D6CAF3102B08BC3 /* Pods-InteriorDesign ARTests.release.xcconfig */ = {isa = PBXFileReference; includeInIndex = 1; lastKnownFileType = text.xcconfig; name = "Pods-InteriorDesign ARTests.release.xcconfig"; path = "Pods/Target Support Files/Pods-InteriorDesign ARTests/Pods-InteriorDesign ARTests.release.xcconfig"; sourceTree = "<group>"; };
		B78FF4BD2F8B579A5D85E5D7 /* Pods_InteriorDesign_ARTests.framework */ = {isa = PBXFileReference; explicitFileType = wrapper.framework; includeInIndex = 0; path = Pods_InteriorDesign_ARTests.framework; sourceTree = BUILT_PRODUCTS_DIR; };
		E16F18F896FDA47453DC89B3 /* Pods-InteriorDesign ARTests.debug.xcconfig */ = {isa = PBXFileReference; includeInIndex = 1; lastKnownFileType = text.xcconfig; name = "Pods-InteriorDesign ARTests.debug.xcconfig"; path = "Pods/Target Support Files/Pods-InteriorDesign ARTests/Pods-InteriorDesign ARTests.debug.xcconfig"; sourceTree = "<group>"; };
		E306A30BBD4CF61B6A18461F /* Pods-InteriorDesign AR.release.xcconfig */ = {isa = PBXFileReference; includeInIndex = 1; lastKnownFileType = text.xcconfig; name = "Pods-InteriorDesign AR.release.xcconfig"; path = "Pods/Target Support Files/Pods-InteriorDesign AR/Pods-InteriorDesign AR.release.xcconfig"; sourceTree = "<group>"; };
/* End PBXFileReference section */

/* Begin PBXFrameworksBuildPhase section */
		31A65C2521592620006CA768 /* Frameworks */ = {
			isa = PBXFrameworksBuildPhase;
			buildActionMask = 2147483647;
			files = (
				820AD0CDBF0E036AC0CFF7BD /* Pods_InteriorDesign_AR.framework in Frameworks */,
			);
			runOnlyForDeploymentPostprocessing = 0;
		};
		31A65C3921592624006CA768 /* Frameworks */ = {
			isa = PBXFrameworksBuildPhase;
			buildActionMask = 2147483647;
			files = (
				77E390DFAEC67230728345EF /* Pods_InteriorDesign_ARTests.framework in Frameworks */,
			);
			runOnlyForDeploymentPostprocessing = 0;
		};
		31A65C4421592624006CA768 /* Frameworks */ = {
			isa = PBXFrameworksBuildPhase;
			buildActionMask = 2147483647;
			files = (
				4346C43EC4D2E7EFC4C06B09 /* Pods_InteriorDesign_ARUITests.framework in Frameworks */,
			);
			runOnlyForDeploymentPostprocessing = 0;
		};
/* End PBXFrameworksBuildPhase section */

/* Begin PBXGroup section */
		3189A5F421988C4A00441930 /* Storyboard */ = {
			isa = PBXGroup;
			children = (
				31A65C2F21592620006CA768 /* Main.storyboard */,
				31A65C3421592624006CA768 /* LaunchScreen.storyboard */,
			);
			path = Storyboard;
			sourceTree = "<group>";
		};
		3189A5F521988C5F00441930 /* Controller */ = {
			isa = PBXGroup;
			children = (
				31A65C2B21592620006CA768 /* AppDelegate.swift */,
				31A65C2D21592620006CA768 /* ViewController.swift */,
				31B925AB2160C7D1004EEB56 /* CreateAccountViewController.swift */,
				31B925AD2160D354004EEB56 /* SignInViewController.swift */,
				310EF7F021737F9600B95F33 /* SearchItemViewController.swift */,
				31C1E212217C769A0018F1C0 /* TypeUserViewController.swift */,
				31D43F512185A94700FF3170 /* CompanyAccountViewController.swift */,
				31875B86218DC23500FA5966 /* ARViewController.swift */,
				31875B88218DDD2D00FA5966 /* ARScanViewController.swift */,
				31436B002193018E00E7DAD8 /* ScanViewController.swift */,
				31436B022193056000E7DAD8 /* shopListViewController.swift */,
				3115839B21B2CED3004C21C4 /* pdfCreatorViewController.swift */,
			);
			path = Controller;
			sourceTree = "<group>";
		};
		31A65C1F21592620006CA768 = {
			isa = PBXGroup;
			children = (
				31A65C2A21592620006CA768 /* InteriorDesign AR */,
				31A65C3F21592624006CA768 /* InteriorDesign ARTests */,
				31A65C4A21592624006CA768 /* InteriorDesign ARUITests */,
				31A65C2921592620006CA768 /* Products */,
				B51E42621D9A3B7D1F17044A /* Pods */,
				42968FE8AE848E0419C06CDA /* Frameworks */,
			);
			sourceTree = "<group>";
			usesTabs = 0;
		};
		31A65C2921592620006CA768 /* Products */ = {
			isa = PBXGroup;
			children = (
				31A65C2821592620006CA768 /* InteriorDesign AR.app */,
				31A65C3C21592624006CA768 /* InteriorDesign ARTests.xctest */,
				31A65C4721592624006CA768 /* InteriorDesign ARUITests.xctest */,
			);
			name = Products;
			sourceTree = "<group>";
		};
		31A65C2A21592620006CA768 /* InteriorDesign AR */ = {
			isa = PBXGroup;
			children = (
				3189A5F521988C5F00441930 /* Controller */,
				3189A5F421988C4A00441930 /* Storyboard */,
				31A65C3221592624006CA768 /* Assets.xcassets */,
				31B932B921A17FA800294ABE /* ProductInfo.sks */,
				31B932B721A17D8A00294ABE /* art.scnassets */,
				31A65C3721592624006CA768 /* Info.plist */,
				31A65C5921592C31006CA768 /* GoogleService-Info.plist */,
			);
			path = "InteriorDesign AR";
			sourceTree = "<group>";
		};
		31A65C3F21592624006CA768 /* InteriorDesign ARTests */ = {
			isa = PBXGroup;
			children = (
				31A65C4021592624006CA768 /* InteriorDesign_ARTests.swift */,
				31A65C4221592624006CA768 /* Info.plist */,
			);
			path = "InteriorDesign ARTests";
			sourceTree = "<group>";
		};
		31A65C4A21592624006CA768 /* InteriorDesign ARUITests */ = {
			isa = PBXGroup;
			children = (
				31A65C4B21592624006CA768 /* InteriorDesign_ARUITests.swift */,
				31A65C4D21592624006CA768 /* Info.plist */,
			);
			path = "InteriorDesign ARUITests";
			sourceTree = "<group>";
		};
		42968FE8AE848E0419C06CDA /* Frameworks */ = {
			isa = PBXGroup;
			children = (
				2BCA23553F885AA31B782B99 /* Pods_InteriorDesign_AR.framework */,
				B78FF4BD2F8B579A5D85E5D7 /* Pods_InteriorDesign_ARTests.framework */,
				106ED5350BF525A0FBDD294C /* Pods_InteriorDesign_ARUITests.framework */,
			);
			name = Frameworks;
			sourceTree = "<group>";
		};
		B51E42621D9A3B7D1F17044A /* Pods */ = {
			isa = PBXGroup;
			children = (
				230A94EECC4FC1AA2B216E69 /* Pods-InteriorDesign AR.debug.xcconfig */,
				E306A30BBD4CF61B6A18461F /* Pods-InteriorDesign AR.release.xcconfig */,
				E16F18F896FDA47453DC89B3 /* Pods-InteriorDesign ARTests.debug.xcconfig */,
				49E285601D6CAF3102B08BC3 /* Pods-InteriorDesign ARTests.release.xcconfig */,
				3AC7C59092E8C0FD62C3EF8E /* Pods-InteriorDesign ARUITests.debug.xcconfig */,
				189FCE880E2E9F77AF312CE3 /* Pods-InteriorDesign ARUITests.release.xcconfig */,
			);
			name = Pods;
			sourceTree = "<group>";
		};
/* End PBXGroup section */

/* Begin PBXNativeTarget section */
		31A65C2721592620006CA768 /* InteriorDesign AR */ = {
			isa = PBXNativeTarget;
			buildConfigurationList = 31A65C5021592624006CA768 /* Build configuration list for PBXNativeTarget "InteriorDesign AR" */;
			buildPhases = (
				D4C3238AB529A933DDD1A58D /* [CP] Check Pods Manifest.lock */,
				31A65C2421592620006CA768 /* Sources */,
				31A65C2521592620006CA768 /* Frameworks */,
				31A65C2621592620006CA768 /* Resources */,
				A9207A3937C2C4A94F4B5A81 /* [CP] Embed Pods Frameworks */,
			);
			buildRules = (
			);
			dependencies = (
			);
			name = "InteriorDesign AR";
			productName = "InteriorDesign AR";
			productReference = 31A65C2821592620006CA768 /* InteriorDesign AR.app */;
			productType = "com.apple.product-type.application";
		};
		31A65C3B21592624006CA768 /* InteriorDesign ARTests */ = {
			isa = PBXNativeTarget;
			buildConfigurationList = 31A65C5321592624006CA768 /* Build configuration list for PBXNativeTarget "InteriorDesign ARTests" */;
			buildPhases = (
				3445A64F5AD372EC04EC9180 /* [CP] Check Pods Manifest.lock */,
				31A65C3821592624006CA768 /* Sources */,
				31A65C3921592624006CA768 /* Frameworks */,
				31A65C3A21592624006CA768 /* Resources */,
			);
			buildRules = (
			);
			dependencies = (
				31A65C3E21592624006CA768 /* PBXTargetDependency */,
			);
			name = "InteriorDesign ARTests";
			productName = "InteriorDesign ARTests";
			productReference = 31A65C3C21592624006CA768 /* InteriorDesign ARTests.xctest */;
			productType = "com.apple.product-type.bundle.unit-test";
		};
		31A65C4621592624006CA768 /* InteriorDesign ARUITests */ = {
			isa = PBXNativeTarget;
			buildConfigurationList = 31A65C5621592624006CA768 /* Build configuration list for PBXNativeTarget "InteriorDesign ARUITests" */;
			buildPhases = (
				83A03219F05907385273E4F7 /* [CP] Check Pods Manifest.lock */,
				31A65C4321592624006CA768 /* Sources */,
				31A65C4421592624006CA768 /* Frameworks */,
				31A65C4521592624006CA768 /* Resources */,
			);
			buildRules = (
			);
			dependencies = (
				31A65C4921592624006CA768 /* PBXTargetDependency */,
			);
			name = "InteriorDesign ARUITests";
			productName = "InteriorDesign ARUITests";
			productReference = 31A65C4721592624006CA768 /* InteriorDesign ARUITests.xctest */;
			productType = "com.apple.product-type.bundle.ui-testing";
		};
/* End PBXNativeTarget section */

/* Begin PBXProject section */
		31A65C2021592620006CA768 /* Project object */ = {
			isa = PBXProject;
			attributes = {
				LastSwiftUpdateCheck = 1000;
				LastUpgradeCheck = 1000;
				ORGANIZATIONNAME = "Juan Armond";
				TargetAttributes = {
					31A65C2721592620006CA768 = {
						CreatedOnToolsVersion = 10.0;
					};
					31A65C3B21592624006CA768 = {
						CreatedOnToolsVersion = 10.0;
						TestTargetID = 31A65C2721592620006CA768;
					};
					31A65C4621592624006CA768 = {
						CreatedOnToolsVersion = 10.0;
						TestTargetID = 31A65C2721592620006CA768;
					};
				};
			};
			buildConfigurationList = 31A65C2321592620006CA768 /* Build configuration list for PBXProject "InteriorDesign AR" */;
			compatibilityVersion = "Xcode 10.0";
			developmentRegion = en;
			hasScannedForEncodings = 0;
			knownRegions = (
				en,
				Base,
			);
			mainGroup = 31A65C1F21592620006CA768;
			productRefGroup = 31A65C2921592620006CA768 /* Products */;
			projectDirPath = "";
			projectRoot = "";
			targets = (
				31A65C2721592620006CA768 /* InteriorDesign AR */,
				31A65C3B21592624006CA768 /* InteriorDesign ARTests */,
				31A65C4621592624006CA768 /* InteriorDesign ARUITests */,
			);
		};
/* End PBXProject section */

/* Begin PBXResourcesBuildPhase section */
		31A65C2621592620006CA768 /* Resources */ = {
			isa = PBXResourcesBuildPhase;
			buildActionMask = 2147483647;
			files = (
				31A65C3621592624006CA768 /* LaunchScreen.storyboard in Resources */,
				31B932BA21A17FA800294ABE /* ProductInfo.sks in Resources */,
				31A65C5A21592C31006CA768 /* GoogleService-Info.plist in Resources */,
				31B932B821A17D8A00294ABE /* art.scnassets in Resources */,
				31A65C3321592624006CA768 /* Assets.xcassets in Resources */,
				31A65C3121592620006CA768 /* Main.storyboard in Resources */,
			);
			runOnlyForDeploymentPostprocessing = 0;
		};
		31A65C3A21592624006CA768 /* Resources */ = {
			isa = PBXResourcesBuildPhase;
			buildActionMask = 2147483647;
			files = (
			);
			runOnlyForDeploymentPostprocessing = 0;
		};
		31A65C4521592624006CA768 /* Resources */ = {
			isa = PBXResourcesBuildPhase;
			buildActionMask = 2147483647;
			files = (
			);
			runOnlyForDeploymentPostprocessing = 0;
		};
/* End PBXResourcesBuildPhase section */

/* Begin PBXShellScriptBuildPhase section */
		3445A64F5AD372EC04EC9180 /* [CP] Check Pods Manifest.lock */ = {
			isa = PBXShellScriptBuildPhase;
			buildActionMask = 2147483647;
			files = (
			);
			inputFileListPaths = (
			);
			inputPaths = (
				"${PODS_PODFILE_DIR_PATH}/Podfile.lock",
				"${PODS_ROOT}/Manifest.lock",
			);
			name = "[CP] Check Pods Manifest.lock";
			outputFileListPaths = (
			);
			outputPaths = (
				"$(DERIVED_FILE_DIR)/Pods-InteriorDesign ARTests-checkManifestLockResult.txt",
			);
			runOnlyForDeploymentPostprocessing = 0;
			shellPath = /bin/sh;
			shellScript = "diff \"${PODS_PODFILE_DIR_PATH}/Podfile.lock\" \"${PODS_ROOT}/Manifest.lock\" > /dev/null\nif [ $? != 0 ] ; then\n    # print error to STDERR\n    echo \"error: The sandbox is not in sync with the Podfile.lock. Run 'pod install' or update your CocoaPods installation.\" >&2\n    exit 1\nfi\n# This output is used by Xcode 'outputs' to avoid re-running this script phase.\necho \"SUCCESS\" > \"${SCRIPT_OUTPUT_FILE_0}\"\n";
			showEnvVarsInLog = 0;
		};
		83A03219F05907385273E4F7 /* [CP] Check Pods Manifest.lock */ = {
			isa = PBXShellScriptBuildPhase;
			buildActionMask = 2147483647;
			files = (
			);
			inputFileListPaths = (
			);
			inputPaths = (
				"${PODS_PODFILE_DIR_PATH}/Podfile.lock",
				"${PODS_ROOT}/Manifest.lock",
			);
			name = "[CP] Check Pods Manifest.lock";
			outputFileListPaths = (
			);
			outputPaths = (
				"$(DERIVED_FILE_DIR)/Pods-InteriorDesign ARUITests-checkManifestLockResult.txt",
			);
			runOnlyForDeploymentPostprocessing = 0;
			shellPath = /bin/sh;
			shellScript = "diff \"${PODS_PODFILE_DIR_PATH}/Podfile.lock\" \"${PODS_ROOT}/Manifest.lock\" > /dev/null\nif [ $? != 0 ] ; then\n    # print error to STDERR\n    echo \"error: The sandbox is not in sync with the Podfile.lock. Run 'pod install' or update your CocoaPods installation.\" >&2\n    exit 1\nfi\n# This output is used by Xcode 'outputs' to avoid re-running this script phase.\necho \"SUCCESS\" > \"${SCRIPT_OUTPUT_FILE_0}\"\n";
			showEnvVarsInLog = 0;
		};
		A9207A3937C2C4A94F4B5A81 /* [CP] Embed Pods Frameworks */ = {
			isa = PBXShellScriptBuildPhase;
			buildActionMask = 2147483647;
			files = (
			);
			inputFileListPaths = (
			);
			inputPaths = (
				"${SRCROOT}/Pods/Target Support Files/Pods-InteriorDesign AR/Pods-InteriorDesign AR-frameworks.sh",
				"${BUILT_PRODUCTS_DIR}/BoringSSL/openssl.framework",
				"${BUILT_PRODUCTS_DIR}/GTMSessionFetcher/GTMSessionFetcher.framework",
				"${BUILT_PRODUCTS_DIR}/GoogleUtilities/GoogleUtilities.framework",
				"${BUILT_PRODUCTS_DIR}/Protobuf/Protobuf.framework",
				"${BUILT_PRODUCTS_DIR}/SDWebImage/SDWebImage.framework",
				"${BUILT_PRODUCTS_DIR}/SimplePDF/SimplePDF.framework",
				"${BUILT_PRODUCTS_DIR}/gRPC/GRPCClient.framework",
				"${BUILT_PRODUCTS_DIR}/gRPC-C++/grpcpp.framework",
				"${BUILT_PRODUCTS_DIR}/gRPC-Core/grpc.framework",
				"${BUILT_PRODUCTS_DIR}/gRPC-ProtoRPC/ProtoRPC.framework",
				"${BUILT_PRODUCTS_DIR}/gRPC-RxLibrary/RxLibrary.framework",
				"${BUILT_PRODUCTS_DIR}/leveldb-library/leveldb.framework",
				"${BUILT_PRODUCTS_DIR}/nanopb/nanopb.framework",
			);
			name = "[CP] Embed Pods Frameworks";
			outputFileListPaths = (
			);
			outputPaths = (
				"${TARGET_BUILD_DIR}/${FRAMEWORKS_FOLDER_PATH}/openssl.framework",
				"${TARGET_BUILD_DIR}/${FRAMEWORKS_FOLDER_PATH}/GTMSessionFetcher.framework",
				"${TARGET_BUILD_DIR}/${FRAMEWORKS_FOLDER_PATH}/GoogleUtilities.framework",
				"${TARGET_BUILD_DIR}/${FRAMEWORKS_FOLDER_PATH}/Protobuf.framework",
				"${TARGET_BUILD_DIR}/${FRAMEWORKS_FOLDER_PATH}/SDWebImage.framework",
				"${TARGET_BUILD_DIR}/${FRAMEWORKS_FOLDER_PATH}/SimplePDF.framework",
				"${TARGET_BUILD_DIR}/${FRAMEWORKS_FOLDER_PATH}/GRPCClient.framework",
				"${TARGET_BUILD_DIR}/${FRAMEWORKS_FOLDER_PATH}/grpcpp.framework",
				"${TARGET_BUILD_DIR}/${FRAMEWORKS_FOLDER_PATH}/grpc.framework",
				"${TARGET_BUILD_DIR}/${FRAMEWORKS_FOLDER_PATH}/ProtoRPC.framework",
				"${TARGET_BUILD_DIR}/${FRAMEWORKS_FOLDER_PATH}/RxLibrary.framework",
				"${TARGET_BUILD_DIR}/${FRAMEWORKS_FOLDER_PATH}/leveldb.framework",
				"${TARGET_BUILD_DIR}/${FRAMEWORKS_FOLDER_PATH}/nanopb.framework",
			);
			runOnlyForDeploymentPostprocessing = 0;
			shellPath = /bin/sh;
			shellScript = "\"${SRCROOT}/Pods/Target Support Files/Pods-InteriorDesign AR/Pods-InteriorDesign AR-frameworks.sh\"\n";
			showEnvVarsInLog = 0;
		};
		D4C3238AB529A933DDD1A58D /* [CP] Check Pods Manifest.lock */ = {
			isa = PBXShellScriptBuildPhase;
			buildActionMask = 2147483647;
			files = (
			);
			inputFileListPaths = (
			);
			inputPaths = (
				"${PODS_PODFILE_DIR_PATH}/Podfile.lock",
				"${PODS_ROOT}/Manifest.lock",
			);
			name = "[CP] Check Pods Manifest.lock";
			outputFileListPaths = (
			);
			outputPaths = (
				"$(DERIVED_FILE_DIR)/Pods-InteriorDesign AR-checkManifestLockResult.txt",
			);
			runOnlyForDeploymentPostprocessing = 0;
			shellPath = /bin/sh;
			shellScript = "diff \"${PODS_PODFILE_DIR_PATH}/Podfile.lock\" \"${PODS_ROOT}/Manifest.lock\" > /dev/null\nif [ $? != 0 ] ; then\n    # print error to STDERR\n    echo \"error: The sandbox is not in sync with the Podfile.lock. Run 'pod install' or update your CocoaPods installation.\" >&2\n    exit 1\nfi\n# This output is used by Xcode 'outputs' to avoid re-running this script phase.\necho \"SUCCESS\" > \"${SCRIPT_OUTPUT_FILE_0}\"\n";
			showEnvVarsInLog = 0;
		};
/* End PBXShellScriptBuildPhase section */

/* Begin PBXSourcesBuildPhase section */
		31A65C2421592620006CA768 /* Sources */ = {
			isa = PBXSourcesBuildPhase;
			buildActionMask = 2147483647;
			files = (
				31875B89218DDD2D00FA5966 /* ARScanViewController.swift in Sources */,
				31B925AE2160D354004EEB56 /* SignInViewController.swift in Sources */,
				31436B032193056000E7DAD8 /* shopListViewController.swift in Sources */,
				310EF7F121737F9600B95F33 /* SearchItemViewController.swift in Sources */,
				31B925AC2160C7D1004EEB56 /* CreateAccountViewController.swift in Sources */,
				31875B87218DC23500FA5966 /* ARViewController.swift in Sources */,
				3115839C21B2CED3004C21C4 /* pdfCreatorViewController.swift in Sources */,
				31D43F522185A94700FF3170 /* CompanyAccountViewController.swift in Sources */,
				31A65C2E21592620006CA768 /* ViewController.swift in Sources */,
				31436B012193018E00E7DAD8 /* ScanViewController.swift in Sources */,
				31A65C2C21592620006CA768 /* AppDelegate.swift in Sources */,
				31C1E213217C769A0018F1C0 /* TypeUserViewController.swift in Sources */,
			);
			runOnlyForDeploymentPostprocessing = 0;
		};
		31A65C3821592624006CA768 /* Sources */ = {
			isa = PBXSourcesBuildPhase;
			buildActionMask = 2147483647;
			files = (
				31A65C4121592624006CA768 /* InteriorDesign_ARTests.swift in Sources */,
			);
			runOnlyForDeploymentPostprocessing = 0;
		};
		31A65C4321592624006CA768 /* Sources */ = {
			isa = PBXSourcesBuildPhase;
			buildActionMask = 2147483647;
			files = (
				31A65C4C21592624006CA768 /* InteriorDesign_ARUITests.swift in Sources */,
			);
			runOnlyForDeploymentPostprocessing = 0;
		};
/* End PBXSourcesBuildPhase section */

/* Begin PBXTargetDependency section */
		31A65C3E21592624006CA768 /* PBXTargetDependency */ = {
			isa = PBXTargetDependency;
			target = 31A65C2721592620006CA768 /* InteriorDesign AR */;
			targetProxy = 31A65C3D21592624006CA768 /* PBXContainerItemProxy */;
		};
		31A65C4921592624006CA768 /* PBXTargetDependency */ = {
			isa = PBXTargetDependency;
			target = 31A65C2721592620006CA768 /* InteriorDesign AR */;
			targetProxy = 31A65C4821592624006CA768 /* PBXContainerItemProxy */;
		};
/* End PBXTargetDependency section */

/* Begin PBXVariantGroup section */
		31A65C2F21592620006CA768 /* Main.storyboard */ = {
			isa = PBXVariantGroup;
			children = (
				31A65C3021592620006CA768 /* Base */,
			);
			name = Main.storyboard;
			sourceTree = "<group>";
		};
		31A65C3421592624006CA768 /* LaunchScreen.storyboard */ = {
			isa = PBXVariantGroup;
			children = (
				31A65C3521592624006CA768 /* Base */,
			);
			name = LaunchScreen.storyboard;
			sourceTree = "<group>";
		};
/* End PBXVariantGroup section */

/* Begin XCBuildConfiguration section */
		31A65C4E21592624006CA768 /* Debug */ = {
			isa = XCBuildConfiguration;
			buildSettings = {
				ALWAYS_SEARCH_USER_PATHS = NO;
				CLANG_ANALYZER_NONNULL = YES;
				CLANG_ANALYZER_NUMBER_OBJECT_CONVERSION = YES_AGGRESSIVE;
				CLANG_CXX_LANGUAGE_STANDARD = "gnu++14";
				CLANG_CXX_LIBRARY = "libc++";
				CLANG_ENABLE_MODULES = YES;
				CLANG_ENABLE_OBJC_ARC = YES;
				CLANG_ENABLE_OBJC_WEAK = YES;
				CLANG_WARN_BLOCK_CAPTURE_AUTORELEASING = YES;
				CLANG_WARN_BOOL_CONVERSION = YES;
				CLANG_WARN_COMMA = YES;
				CLANG_WARN_CONSTANT_CONVERSION = YES;
				CLANG_WARN_DEPRECATED_OBJC_IMPLEMENTATIONS = YES;
				CLANG_WARN_DIRECT_OBJC_ISA_USAGE = YES_ERROR;
				CLANG_WARN_DOCUMENTATION_COMMENTS = YES;
				CLANG_WARN_EMPTY_BODY = YES;
				CLANG_WARN_ENUM_CONVERSION = YES;
				CLANG_WARN_INFINITE_RECURSION = YES;
				CLANG_WARN_INT_CONVERSION = YES;
				CLANG_WARN_NON_LITERAL_NULL_CONVERSION = YES;
				CLANG_WARN_OBJC_IMPLICIT_RETAIN_SELF = YES;
				CLANG_WARN_OBJC_LITERAL_CONVERSION = YES;
				CLANG_WARN_OBJC_ROOT_CLASS = YES_ERROR;
				CLANG_WARN_RANGE_LOOP_ANALYSIS = YES;
				CLANG_WARN_STRICT_PROTOTYPES = YES;
				CLANG_WARN_SUSPICIOUS_MOVE = YES;
				CLANG_WARN_UNGUARDED_AVAILABILITY = YES_AGGRESSIVE;
				CLANG_WARN_UNREACHABLE_CODE = YES;
				CLANG_WARN__DUPLICATE_METHOD_MATCH = YES;
				CODE_SIGN_IDENTITY = "iPhone Developer";
				COPY_PHASE_STRIP = NO;
				DEBUG_INFORMATION_FORMAT = dwarf;
				ENABLE_STRICT_OBJC_MSGSEND = YES;
				ENABLE_TESTABILITY = YES;
				GCC_C_LANGUAGE_STANDARD = gnu11;
				GCC_DYNAMIC_NO_PIC = NO;
				GCC_NO_COMMON_BLOCKS = YES;
				GCC_OPTIMIZATION_LEVEL = 0;
				GCC_PREPROCESSOR_DEFINITIONS = (
					"DEBUG=1",
					"$(inherited)",
				);
				GCC_WARN_64_TO_32_BIT_CONVERSION = YES;
				GCC_WARN_ABOUT_RETURN_TYPE = YES_ERROR;
				GCC_WARN_UNDECLARED_SELECTOR = YES;
				GCC_WARN_UNINITIALIZED_AUTOS = YES_AGGRESSIVE;
				GCC_WARN_UNUSED_FUNCTION = YES;
				GCC_WARN_UNUSED_VARIABLE = YES;
				IPHONEOS_DEPLOYMENT_TARGET = 12.0;
				MTL_ENABLE_DEBUG_INFO = INCLUDE_SOURCE;
				MTL_FAST_MATH = YES;
				ONLY_ACTIVE_ARCH = YES;
				SDKROOT = iphoneos;
				SWIFT_ACTIVE_COMPILATION_CONDITIONS = DEBUG;
				SWIFT_OPTIMIZATION_LEVEL = "-Onone";
			};
			name = Debug;
		};
		31A65C4F21592624006CA768 /* Release */ = {
			isa = XCBuildConfiguration;
			buildSettings = {
				ALWAYS_SEARCH_USER_PATHS = NO;
				CLANG_ANALYZER_NONNULL = YES;
				CLANG_ANALYZER_NUMBER_OBJECT_CONVERSION = YES_AGGRESSIVE;
				CLANG_CXX_LANGUAGE_STANDARD = "gnu++14";
				CLANG_CXX_LIBRARY = "libc++";
				CLANG_ENABLE_MODULES = YES;
				CLANG_ENABLE_OBJC_ARC = YES;
				CLANG_ENABLE_OBJC_WEAK = YES;
				CLANG_WARN_BLOCK_CAPTURE_AUTORELEASING = YES;
				CLANG_WARN_BOOL_CONVERSION = YES;
				CLANG_WARN_COMMA = YES;
				CLANG_WARN_CONSTANT_CONVERSION = YES;
				CLANG_WARN_DEPRECATED_OBJC_IMPLEMENTATIONS = YES;
				CLANG_WARN_DIRECT_OBJC_ISA_USAGE = YES_ERROR;
				CLANG_WARN_DOCUMENTATION_COMMENTS = YES;
				CLANG_WARN_EMPTY_BODY = YES;
				CLANG_WARN_ENUM_CONVERSION = YES;
				CLANG_WARN_INFINITE_RECURSION = YES;
				CLANG_WARN_INT_CONVERSION = YES;
				CLANG_WARN_NON_LITERAL_NULL_CONVERSION = YES;
				CLANG_WARN_OBJC_IMPLICIT_RETAIN_SELF = YES;
				CLANG_WARN_OBJC_LITERAL_CONVERSION = YES;
				CLANG_WARN_OBJC_ROOT_CLASS = YES_ERROR;
				CLANG_WARN_RANGE_LOOP_ANALYSIS = YES;
				CLANG_WARN_STRICT_PROTOTYPES = YES;
				CLANG_WARN_SUSPICIOUS_MOVE = YES;
				CLANG_WARN_UNGUARDED_AVAILABILITY = YES_AGGRESSIVE;
				CLANG_WARN_UNREACHABLE_CODE = YES;
				CLANG_WARN__DUPLICATE_METHOD_MATCH = YES;
				CODE_SIGN_IDENTITY = "iPhone Developer";
				COPY_PHASE_STRIP = NO;
				DEBUG_INFORMATION_FORMAT = "dwarf-with-dsym";
				ENABLE_NS_ASSERTIONS = NO;
				ENABLE_STRICT_OBJC_MSGSEND = YES;
				GCC_C_LANGUAGE_STANDARD = gnu11;
				GCC_NO_COMMON_BLOCKS = YES;
				GCC_WARN_64_TO_32_BIT_CONVERSION = YES;
				GCC_WARN_ABOUT_RETURN_TYPE = YES_ERROR;
				GCC_WARN_UNDECLARED_SELECTOR = YES;
				GCC_WARN_UNINITIALIZED_AUTOS = YES_AGGRESSIVE;
				GCC_WARN_UNUSED_FUNCTION = YES;
				GCC_WARN_UNUSED_VARIABLE = YES;
				IPHONEOS_DEPLOYMENT_TARGET = 12.0;
				MTL_ENABLE_DEBUG_INFO = NO;
				MTL_FAST_MATH = YES;
				SDKROOT = iphoneos;
				SWIFT_COMPILATION_MODE = wholemodule;
				SWIFT_OPTIMIZATION_LEVEL = "-O";
				VALIDATE_PRODUCT = YES;
			};
			name = Release;
		};
		31A65C5121592624006CA768 /* Debug */ = {
			isa = XCBuildConfiguration;
			baseConfigurationReference = 230A94EECC4FC1AA2B216E69 /* Pods-InteriorDesign AR.debug.xcconfig */;
			buildSettings = {
				ASSETCATALOG_COMPILER_APPICON_NAME = AppIcon;
				ASSETCATALOG_COMPILER_LAUNCHIMAGE_NAME = LaunchImage;
				CODE_SIGN_IDENTITY = "iPhone Developer";
				CODE_SIGN_STYLE = Automatic;
				DEVELOPMENT_TEAM = UHJAC75DBL;
				INFOPLIST_FILE = "InteriorDesign AR/Info.plist";
				LD_RUNPATH_SEARCH_PATHS = (
					"$(inherited)",
					"@executable_path/Frameworks",
				);
				PRODUCT_BUNDLE_IDENTIFIER = com.jugaliscrazy;
				PRODUCT_NAME = "$(TARGET_NAME)";
				PROVISIONING_PROFILE_SPECIFIER = "";
				SWIFT_VERSION = 4.2;
				TARGETED_DEVICE_FAMILY = 1;
			};
			name = Debug;
		};
		31A65C5221592624006CA768 /* Release */ = {
			isa = XCBuildConfiguration;
			baseConfigurationReference = E306A30BBD4CF61B6A18461F /* Pods-InteriorDesign AR.release.xcconfig */;
			buildSettings = {
				ASSETCATALOG_COMPILER_APPICON_NAME = AppIcon;
				ASSETCATALOG_COMPILER_LAUNCHIMAGE_NAME = LaunchImage;
				CODE_SIGN_IDENTITY = "iPhone Developer";
				CODE_SIGN_STYLE = Automatic;
				DEVELOPMENT_TEAM = UHJAC75DBL;
				INFOPLIST_FILE = "InteriorDesign AR/Info.plist";
				LD_RUNPATH_SEARCH_PATHS = (
					"$(inherited)",
					"@executable_path/Frameworks",
				);
				PRODUCT_BUNDLE_IDENTIFIER = com.jugaliscrazy;
				PRODUCT_NAME = "$(TARGET_NAME)";
				PROVISIONING_PROFILE_SPECIFIER = "";
				SWIFT_VERSION = 4.2;
				TARGETED_DEVICE_FAMILY = 1;
			};
			name = Release;
		};
		31A65C5421592624006CA768 /* Debug */ = {
			isa = XCBuildConfiguration;
			baseConfigurationReference = E16F18F896FDA47453DC89B3 /* Pods-InteriorDesign ARTests.debug.xcconfig */;
			buildSettings = {
				ALWAYS_EMBED_SWIFT_STANDARD_LIBRARIES = YES;
				BUNDLE_LOADER = "$(TEST_HOST)";
				CODE_SIGN_STYLE = Automatic;
				DEVELOPMENT_TEAM = 62448Q4D93;
				INFOPLIST_FILE = "InteriorDesign ARTests/Info.plist";
				LD_RUNPATH_SEARCH_PATHS = (
					"$(inherited)",
					"@executable_path/Frameworks",
					"@loader_path/Frameworks",
				);
				PRODUCT_BUNDLE_IDENTIFIER = "Armond-Software.InteriorDesign-ARTests";
				PRODUCT_NAME = "$(TARGET_NAME)";
				SWIFT_VERSION = 4.2;
				TARGETED_DEVICE_FAMILY = "1,2";
				TEST_HOST = "$(BUILT_PRODUCTS_DIR)/InteriorDesign AR.app/InteriorDesign AR";
			};
			name = Debug;
		};
		31A65C5521592624006CA768 /* Release */ = {
			isa = XCBuildConfiguration;
			baseConfigurationReference = 49E285601D6CAF3102B08BC3 /* Pods-InteriorDesign ARTests.release.xcconfig */;
			buildSettings = {
				ALWAYS_EMBED_SWIFT_STANDARD_LIBRARIES = YES;
				BUNDLE_LOADER = "$(TEST_HOST)";
				CODE_SIGN_STYLE = Automatic;
				DEVELOPMENT_TEAM = 62448Q4D93;
				INFOPLIST_FILE = "InteriorDesign ARTests/Info.plist";
				LD_RUNPATH_SEARCH_PATHS = (
					"$(inherited)",
					"@executable_path/Frameworks",
					"@loader_path/Frameworks",
				);
				PRODUCT_BUNDLE_IDENTIFIER = "Armond-Software.InteriorDesign-ARTests";
				PRODUCT_NAME = "$(TARGET_NAME)";
				SWIFT_VERSION = 4.2;
				TARGETED_DEVICE_FAMILY = "1,2";
				TEST_HOST = "$(BUILT_PRODUCTS_DIR)/InteriorDesign AR.app/InteriorDesign AR";
			};
			name = Release;
		};
		31A65C5721592624006CA768 /* Debug */ = {
			isa = XCBuildConfiguration;
			baseConfigurationReference = 3AC7C59092E8C0FD62C3EF8E /* Pods-InteriorDesign ARUITests.debug.xcconfig */;
			buildSettings = {
				ALWAYS_EMBED_SWIFT_STANDARD_LIBRARIES = YES;
				CODE_SIGN_STYLE = Automatic;
				DEVELOPMENT_TEAM = 62448Q4D93;
				INFOPLIST_FILE = "InteriorDesign ARUITests/Info.plist";
				LD_RUNPATH_SEARCH_PATHS = (
					"$(inherited)",
					"@executable_path/Frameworks",
					"@loader_path/Frameworks",
				);
				PRODUCT_BUNDLE_IDENTIFIER = "Armond-Software.InteriorDesign-ARUITests";
				PRODUCT_NAME = "$(TARGET_NAME)";
				SWIFT_VERSION = 4.2;
				TARGETED_DEVICE_FAMILY = "1,2";
				TEST_TARGET_NAME = "InteriorDesign AR";
			};
			name = Debug;
		};
		31A65C5821592624006CA768 /* Release */ = {
			isa = XCBuildConfiguration;
			baseConfigurationReference = 189FCE880E2E9F77AF312CE3 /* Pods-InteriorDesign ARUITests.release.xcconfig */;
			buildSettings = {
				ALWAYS_EMBED_SWIFT_STANDARD_LIBRARIES = YES;
				CODE_SIGN_STYLE = Automatic;
				DEVELOPMENT_TEAM = 62448Q4D93;
				INFOPLIST_FILE = "InteriorDesign ARUITests/Info.plist";
				LD_RUNPATH_SEARCH_PATHS = (
					"$(inherited)",
					"@executable_path/Frameworks",
					"@loader_path/Frameworks",
				);
				PRODUCT_BUNDLE_IDENTIFIER = "Armond-Software.InteriorDesign-ARUITests";
				PRODUCT_NAME = "$(TARGET_NAME)";
				SWIFT_VERSION = 4.2;
				TARGETED_DEVICE_FAMILY = "1,2";
				TEST_TARGET_NAME = "InteriorDesign AR";
			};
			name = Release;
		};
/* End XCBuildConfiguration section */

/* Begin XCConfigurationList section */
		31A65C2321592620006CA768 /* Build configuration list for PBXProject "InteriorDesign AR" */ = {
			isa = XCConfigurationList;
			buildConfigurations = (
				31A65C4E21592624006CA768 /* Debug */,
				31A65C4F21592624006CA768 /* Release */,
			);
			defaultConfigurationIsVisible = 0;
			defaultConfigurationName = Release;
		};
		31A65C5021592624006CA768 /* Build configuration list for PBXNativeTarget "InteriorDesign AR" */ = {
			isa = XCConfigurationList;
			buildConfigurations = (
				31A65C5121592624006CA768 /* Debug */,
				31A65C5221592624006CA768 /* Release */,
			);
			defaultConfigurationIsVisible = 0;
			defaultConfigurationName = Release;
		};
		31A65C5321592624006CA768 /* Build configuration list for PBXNativeTarget "InteriorDesign ARTests" */ = {
			isa = XCConfigurationList;
			buildConfigurations = (
				31A65C5421592624006CA768 /* Debug */,
				31A65C5521592624006CA768 /* Release */,
			);
			defaultConfigurationIsVisible = 0;
			defaultConfigurationName = Release;
		};
		31A65C5621592624006CA768 /* Build configuration list for PBXNativeTarget "InteriorDesign ARUITests" */ = {
			isa = XCConfigurationList;
			buildConfigurations = (
				31A65C5721592624006CA768 /* Debug */,
				31A65C5821592624006CA768 /* Release */,
			);
			defaultConfigurationIsVisible = 0;
			defaultConfigurationName = Release;
		};
/* End XCConfigurationList section */
	};
	rootObject = 31A65C2021592620006CA768 /* Project object */;
}
